// !$*UTF8*$!
{
	archiveVersion = 1;
	classes = {
	};
	objectVersion = 51;
	objects = {

/* Begin PBXBuildFile section */
		3B6DADDCA0ECFD36E278D68B /* Pods_XYZPathKit.framework in Frameworks */ = {isa = PBXBuildFile; fileRef = 086617DB8947EEC9F5187A2C /* Pods_XYZPathKit.framework */; };
		D6BEF18C243C5F3700828273 /* AppDelegate.swift in Sources */ = {isa = PBXBuildFile; fileRef = D6BEF18B243C5F3700828273 /* AppDelegate.swift */; };
		D6BEF18E243C5F3700828273 /* SceneDelegate.swift in Sources */ = {isa = PBXBuildFile; fileRef = D6BEF18D243C5F3700828273 /* SceneDelegate.swift */; };
		D6BEF190243C5F3700828273 /* ViewController.swift in Sources */ = {isa = PBXBuildFile; fileRef = D6BEF18F243C5F3700828273 /* ViewController.swift */; };
		D6BEF193243C5F3700828273 /* Main.storyboard in Resources */ = {isa = PBXBuildFile; fileRef = D6BEF191243C5F3700828273 /* Main.storyboard */; };
		D6BEF195243C5F3900828273 /* Assets.xcassets in Resources */ = {isa = PBXBuildFile; fileRef = D6BEF194243C5F3900828273 /* Assets.xcassets */; };
		D6BEF198243C5F3900828273 /* LaunchScreen.storyboard in Resources */ = {isa = PBXBuildFile; fileRef = D6BEF196243C5F3900828273 /* LaunchScreen.storyboard */; };
		D6CC72BC243C829B00DEF3E2 /* LICENSE in Resources */ = {isa = PBXBuildFile; fileRef = D6CC72B9243C829A00DEF3E2 /* LICENSE */; };
		D6CC72BD243C829B00DEF3E2 /* README.md in Resources */ = {isa = PBXBuildFile; fileRef = D6CC72BA243C829A00DEF3E2 /* README.md */; };
		D6CC72BE243C829B00DEF3E2 /* XYZPathKit.podspec in Resources */ = {isa = PBXBuildFile; fileRef = D6CC72BB243C829B00DEF3E2 /* XYZPathKit.podspec */; };
/* End PBXBuildFile section */

/* Begin PBXFileReference section */
		086617DB8947EEC9F5187A2C /* Pods_XYZPathKit.framework */ = {isa = PBXFileReference; explicitFileType = wrapper.framework; includeInIndex = 0; path = Pods_XYZPathKit.framework; sourceTree = BUILT_PRODUCTS_DIR; };
		BE1345B191A3277415B6B7DD /* Pods-XYZPathKit.release.xcconfig */ = {isa = PBXFileReference; includeInIndex = 1; lastKnownFileType = text.xcconfig; name = "Pods-XYZPathKit.release.xcconfig"; path = "Target Support Files/Pods-XYZPathKit/Pods-XYZPathKit.release.xcconfig"; sourceTree = "<group>"; };
		D3897C45C5FA7342A74C26F4 /* Pods-XYZPathKit.debug.xcconfig */ = {isa = PBXFileReference; includeInIndex = 1; lastKnownFileType = text.xcconfig; name = "Pods-XYZPathKit.debug.xcconfig"; path = "Target Support Files/Pods-XYZPathKit/Pods-XYZPathKit.debug.xcconfig"; sourceTree = "<group>"; };
		D6BEF188243C5F3700828273 /* XYZPathKit.app */ = {isa = PBXFileReference; explicitFileType = wrapper.application; includeInIndex = 0; path = XYZPathKit.app; sourceTree = BUILT_PRODUCTS_DIR; };
		D6BEF18B243C5F3700828273 /* AppDelegate.swift */ = {isa = PBXFileReference; lastKnownFileType = sourcecode.swift; path = AppDelegate.swift; sourceTree = "<group>"; };
		D6BEF18D243C5F3700828273 /* SceneDelegate.swift */ = {isa = PBXFileReference; lastKnownFileType = sourcecode.swift; path = SceneDelegate.swift; sourceTree = "<group>"; };
		D6BEF18F243C5F3700828273 /* ViewController.swift */ = {isa = PBXFileReference; lastKnownFileType = sourcecode.swift; path = ViewController.swift; sourceTree = "<group>"; };
		D6BEF192243C5F3700828273 /* Base */ = {isa = PBXFileReference; lastKnownFileType = file.storyboard; name = Base; path = Base.lproj/Main.storyboard; sourceTree = "<group>"; };
		D6BEF194243C5F3900828273 /* Assets.xcassets */ = {isa = PBXFileReference; lastKnownFileType = folder.assetcatalog; path = Assets.xcassets; sourceTree = "<group>"; };
		D6BEF197243C5F3900828273 /* Base */ = {isa = PBXFileReference; lastKnownFileType = file.storyboard; name = Base; path = Base.lproj/LaunchScreen.storyboard; sourceTree = "<group>"; };
		D6BEF199243C5F3900828273 /* Info.plist */ = {isa = PBXFileReference; lastKnownFileType = text.plist.xml; path = Info.plist; sourceTree = "<group>"; };
		D6CC72B9243C829A00DEF3E2 /* LICENSE */ = {isa = PBXFileReference; fileEncoding = 4; lastKnownFileType = text; path = LICENSE; sourceTree = "<group>"; };
		D6CC72BA243C829A00DEF3E2 /* README.md */ = {isa = PBXFileReference; fileEncoding = 4; lastKnownFileType = net.daringfireball.markdown; path = README.md; sourceTree = "<group>"; };
		D6CC72BB243C829B00DEF3E2 /* XYZPathKit.podspec */ = {isa = PBXFileReference; fileEncoding = 4; lastKnownFileType = text; path = XYZPathKit.podspec; sourceTree = "<group>"; };
/* End PBXFileReference section */

/* Begin PBXFrameworksBuildPhase section */
		D6BEF185243C5F3700828273 /* Frameworks */ = {
			isa = PBXFrameworksBuildPhase;
			buildActionMask = 2147483647;
			files = (
				3B6DADDCA0ECFD36E278D68B /* Pods_XYZPathKit.framework in Frameworks */,
			);
			runOnlyForDeploymentPostprocessing = 0;
		};
/* End PBXFrameworksBuildPhase section */

/* Begin PBXGroup section */
		A6D36069293BBE72922682E4 /* Frameworks */ = {
			isa = PBXGroup;
			children = (
				086617DB8947EEC9F5187A2C /* Pods_XYZPathKit.framework */,
			);
			name = Frameworks;
			sourceTree = "<group>";
		};
		B21EA3F98FB67F4A2C00FC67 /* Pods */ = {
			isa = PBXGroup;
			children = (
				D3897C45C5FA7342A74C26F4 /* Pods-XYZPathKit.debug.xcconfig */,
				BE1345B191A3277415B6B7DD /* Pods-XYZPathKit.release.xcconfig */,
			);
			path = Pods;
			sourceTree = "<group>";
		};
		D6BEF17F243C5F3700828273 = {
			isa = PBXGroup;
			children = (
				D6CC72B9243C829A00DEF3E2 /* LICENSE */,
				D6CC72BA243C829A00DEF3E2 /* README.md */,
				D6CC72BB243C829B00DEF3E2 /* XYZPathKit.podspec */,
				D6BEF18A243C5F3700828273 /* XYZPathKit */,
				D6BEF189243C5F3700828273 /* Products */,
				B21EA3F98FB67F4A2C00FC67 /* Pods */,
				A6D36069293BBE72922682E4 /* Frameworks */,
			);
			sourceTree = "<group>";
		};
		D6BEF189243C5F3700828273 /* Products */ = {
			isa = PBXGroup;
			children = (
				D6BEF188243C5F3700828273 /* XYZPathKit.app */,
			);
			name = Products;
			sourceTree = "<group>";
		};
		D6BEF18A243C5F3700828273 /* XYZPathKit */ = {
			isa = PBXGroup;
			children = (
				D6CC72BF243C831C00DEF3E2 /* Source */,
				D6BEF18B243C5F3700828273 /* AppDelegate.swift */,
				D6BEF18D243C5F3700828273 /* SceneDelegate.swift */,
				D6BEF18F243C5F3700828273 /* ViewController.swift */,
				D6BEF191243C5F3700828273 /* Main.storyboard */,
				D6BEF194243C5F3900828273 /* Assets.xcassets */,
				D6BEF196243C5F3900828273 /* LaunchScreen.storyboard */,
				D6BEF199243C5F3900828273 /* Info.plist */,
			);
			path = XYZPathKit;
			sourceTree = "<group>";
		};
		D6CC72BF243C831C00DEF3E2 /* Source */ = {
			isa = PBXGroup;
			children = (
			);
			path = Source;
			sourceTree = "<group>";
		};
/* End PBXGroup section */

/* Begin PBXNativeTarget section */
		D6BEF187243C5F3700828273 /* XYZPathKit */ = {
			isa = PBXNativeTarget;
			buildConfigurationList = D6BEF19C243C5F3900828273 /* Build configuration list for PBXNativeTarget "XYZPathKit" */;
			buildPhases = (
				D8676D713F27D04A6EF21915 /* [CP] Check Pods Manifest.lock */,
				D6BEF184243C5F3700828273 /* Sources */,
				D6BEF185243C5F3700828273 /* Frameworks */,
				D6BEF186243C5F3700828273 /* Resources */,
				FE305EED6FCDE6825270C2B7 /* [CP] Embed Pods Frameworks */,
			);
			buildRules = (
			);
			dependencies = (
			);
			name = XYZPathKit;
			productName = XYZPathKit;
			productReference = D6BEF188243C5F3700828273 /* XYZPathKit.app */;
			productType = "com.apple.product-type.application";
		};
/* End PBXNativeTarget section */

/* Begin PBXProject section */
		D6BEF180243C5F3700828273 /* Project object */ = {
			isa = PBXProject;
			attributes = {
				LastSwiftUpdateCheck = 1140;
				LastUpgradeCheck = 1140;
				ORGANIZATIONNAME = "张子豪";
				TargetAttributes = {
					D6BEF187243C5F3700828273 = {
						CreatedOnToolsVersion = 11.4;
					};
				};
			};
			buildConfigurationList = D6BEF183243C5F3700828273 /* Build configuration list for PBXProject "XYZPathKit" */;
			compatibilityVersion = "Xcode 9.3";
			developmentRegion = en;
			hasScannedForEncodings = 0;
			knownRegions = (
				en,
				Base,
			);
			mainGroup = D6BEF17F243C5F3700828273;
			productRefGroup = D6BEF189243C5F3700828273 /* Products */;
			projectDirPath = "";
			projectRoot = "";
			targets = (
				D6BEF187243C5F3700828273 /* XYZPathKit */,
			);
		};
/* End PBXProject section */

/* Begin PBXResourcesBuildPhase section */
		D6BEF186243C5F3700828273 /* Resources */ = {
			isa = PBXResourcesBuildPhase;
			buildActionMask = 2147483647;
			files = (
				D6BEF198243C5F3900828273 /* LaunchScreen.storyboard in Resources */,
				D6BEF195243C5F3900828273 /* Assets.xcassets in Resources */,
				D6CC72BD243C829B00DEF3E2 /* README.md in Resources */,
				D6CC72BC243C829B00DEF3E2 /* LICENSE in Resources */,
				D6CC72BE243C829B00DEF3E2 /* XYZPathKit.podspec in Resources */,
				D6BEF193243C5F3700828273 /* Main.storyboard in Resources */,
			);
			runOnlyForDeploymentPostprocessing = 0;
		};
/* End PBXResourcesBuildPhase section */

/* Begin PBXShellScriptBuildPhase section */
		D8676D713F27D04A6EF21915 /* [CP] Check Pods Manifest.lock */ = {
			isa = PBXShellScriptBuildPhase;
			buildActionMask = 2147483647;
			files = (
			);
			inputFileListPaths = (
			);
			inputPaths = (
				"${PODS_PODFILE_DIR_PATH}/Podfile.lock",
				"${PODS_ROOT}/Manifest.lock",
			);
			name = "[CP] Check Pods Manifest.lock";
			outputFileListPaths = (
			);
			outputPaths = (
				"$(DERIVED_FILE_DIR)/Pods-XYZPathKit-checkManifestLockResult.txt",
			);
			runOnlyForDeploymentPostprocessing = 0;
			shellPath = /bin/sh;
			shellScript = "diff \"${PODS_PODFILE_DIR_PATH}/Podfile.lock\" \"${PODS_ROOT}/Manifest.lock\" > /dev/null\nif [ $? != 0 ] ; then\n    # print error to STDERR\n    echo \"error: The sandbox is not in sync with the Podfile.lock. Run 'pod install' or update your CocoaPods installation.\" >&2\n    exit 1\nfi\n# This output is used by Xcode 'outputs' to avoid re-running this script phase.\necho \"SUCCESS\" > \"${SCRIPT_OUTPUT_FILE_0}\"\n";
			showEnvVarsInLog = 0;
		};
		FE305EED6FCDE6825270C2B7 /* [CP] Embed Pods Frameworks */ = {
			isa = PBXShellScriptBuildPhase;
			buildActionMask = 2147483647;
			files = (
			);
			inputFileListPaths = (
				"${PODS_ROOT}/Target Support Files/Pods-XYZPathKit/Pods-XYZPathKit-frameworks-${CONFIGURATION}-input-files.xcfilelist",
			);
			name = "[CP] Embed Pods Frameworks";
			outputFileListPaths = (
				"${PODS_ROOT}/Target Support Files/Pods-XYZPathKit/Pods-XYZPathKit-frameworks-${CONFIGURATION}-output-files.xcfilelist",
			);
			runOnlyForDeploymentPostprocessing = 0;
			shellPath = /bin/sh;
			shellScript = "\"${PODS_ROOT}/Target Support Files/Pods-XYZPathKit/Pods-XYZPathKit-frameworks.sh\"\n";
			showEnvVarsInLog = 0;
		};
/* End PBXShellScriptBuildPhase section */

/* Begin PBXSourcesBuildPhase section */
		D6BEF184243C5F3700828273 /* Sources */ = {
			isa = PBXSourcesBuildPhase;
			buildActionMask = 2147483647;
			files = (
				D6BEF190243C5F3700828273 /* ViewController.swift in Sources */,
				D6BEF18C243C5F3700828273 /* AppDelegate.swift in Sources */,
				D6BEF18E243C5F3700828273 /* SceneDelegate.swift in Sources */,
			);
			runOnlyForDeploymentPostprocessing = 0;
		};
/* End PBXSourcesBuildPhase section */

/* Begin PBXVariantGroup section */
		D6BEF191243C5F3700828273 /* Main.storyboard */ = {
			isa = PBXVariantGroup;
			children = (
				D6BEF192243C5F3700828273 /* Base */,
			);
			name = Main.storyboard;
			sourceTree = "<group>";
		};
		D6BEF196243C5F3900828273 /* LaunchScreen.storyboard */ = {
			isa = PBXVariantGroup;
			children = (
				D6BEF197243C5F3900828273 /* Base */,
			);
			name = LaunchScreen.storyboard;
			sourceTree = "<group>";
		};
/* End PBXVariantGroup section */

/* Begin XCBuildConfiguration section */
		D6BEF19A243C5F3900828273 /* Debug */ = {
			isa = XCBuildConfiguration;
			buildSettings = {
				ALWAYS_SEARCH_USER_PATHS = NO;
				CLANG_ANALYZER_NONNULL = YES;
				CLANG_ANALYZER_NUMBER_OBJECT_CONVERSION = YES_AGGRESSIVE;
				CLANG_CXX_LANGUAGE_STANDARD = "gnu++14";
				CLANG_CXX_LIBRARY = "libc++";
				CLANG_ENABLE_MODULES = YES;
				CLANG_ENABLE_OBJC_ARC = YES;
				CLANG_ENABLE_OBJC_WEAK = YES;
				CLANG_WARN_BLOCK_CAPTURE_AUTORELEASING = YES;
				CLANG_WARN_BOOL_CONVERSION = YES;
				CLANG_WARN_COMMA = YES;
				CLANG_WARN_CONSTANT_CONVERSION = YES;
				CLANG_WARN_DEPRECATED_OBJC_IMPLEMENTATIONS = YES;
				CLANG_WARN_DIRECT_OBJC_ISA_USAGE = YES_ERROR;
				CLANG_WARN_DOCUMENTATION_COMMENTS = YES;
				CLANG_WARN_EMPTY_BODY = YES;
				CLANG_WARN_ENUM_CONVERSION = YES;
				CLANG_WARN_INFINITE_RECURSION = YES;
				CLANG_WARN_INT_CONVERSION = YES;
				CLANG_WARN_NON_LITERAL_NULL_CONVERSION = YES;
				CLANG_WARN_OBJC_IMPLICIT_RETAIN_SELF = YES;
				CLANG_WARN_OBJC_LITERAL_CONVERSION = YES;
				CLANG_WARN_OBJC_ROOT_CLASS = YES_ERROR;
				CLANG_WARN_RANGE_LOOP_ANALYSIS = YES;
				CLANG_WARN_STRICT_PROTOTYPES = YES;
				CLANG_WARN_SUSPICIOUS_MOVE = YES;
				CLANG_WARN_UNGUARDED_AVAILABILITY = YES_AGGRESSIVE;
				CLANG_WARN_UNREACHABLE_CODE = YES;
				CLANG_WARN__DUPLICATE_METHOD_MATCH = YES;
				COPY_PHASE_STRIP = NO;
				DEBUG_INFORMATION_FORMAT = dwarf;
				ENABLE_STRICT_OBJC_MSGSEND = YES;
				ENABLE_TESTABILITY = YES;
				GCC_C_LANGUAGE_STANDARD = gnu11;
				GCC_DYNAMIC_NO_PIC = NO;
				GCC_NO_COMMON_BLOCKS = YES;
				GCC_OPTIMIZATION_LEVEL = 0;
				GCC_PREPROCESSOR_DEFINITIONS = (
					"DEBUG=1",
					"$(inherited)",
				);
				GCC_WARN_64_TO_32_BIT_CONVERSION = YES;
				GCC_WARN_ABOUT_RETURN_TYPE = YES_ERROR;
				GCC_WARN_UNDECLARED_SELECTOR = YES;
				GCC_WARN_UNINITIALIZED_AUTOS = YES_AGGRESSIVE;
				GCC_WARN_UNUSED_FUNCTION = YES;
				GCC_WARN_UNUSED_VARIABLE = YES;
				IPHONEOS_DEPLOYMENT_TARGET = 13.4;
				MTL_ENABLE_DEBUG_INFO = INCLUDE_SOURCE;
				MTL_FAST_MATH = YES;
				ONLY_ACTIVE_ARCH = YES;
				SDKROOT = iphoneos;
				SWIFT_ACTIVE_COMPILATION_CONDITIONS = DEBUG;
				SWIFT_OPTIMIZATION_LEVEL = "-Onone";
			};
			name = Debug;
		};
		D6BEF19B243C5F3900828273 /* Release */ = {
			isa = XCBuildConfiguration;
			buildSettings = {
				ALWAYS_SEARCH_USER_PATHS = NO;
				CLANG_ANALYZER_NONNULL = YES;
				CLANG_ANALYZER_NUMBER_OBJECT_CONVERSION = YES_AGGRESSIVE;
				CLANG_CXX_LANGUAGE_STANDARD = "gnu++14";
				CLANG_CXX_LIBRARY = "libc++";
				CLANG_ENABLE_MODULES = YES;
				CLANG_ENABLE_OBJC_ARC = YES;
				CLANG_ENABLE_OBJC_WEAK = YES;
				CLANG_WARN_BLOCK_CAPTURE_AUTORELEASING = YES;
				CLANG_WARN_BOOL_CONVERSION = YES;
				CLANG_WARN_COMMA = YES;
				CLANG_WARN_CONSTANT_CONVERSION = YES;
				CLANG_WARN_DEPRECATED_OBJC_IMPLEMENTATIONS = YES;
				CLANG_WARN_DIRECT_OBJC_ISA_USAGE = YES_ERROR;
				CLANG_WARN_DOCUMENTATION_COMMENTS = YES;
				CLANG_WARN_EMPTY_BODY = YES;
				CLANG_WARN_ENUM_CONVERSION = YES;
				CLANG_WARN_INFINITE_RECURSION = YES;
				CLANG_WARN_INT_CONVERSION = YES;
				CLANG_WARN_NON_LITERAL_NULL_CONVERSION = YES;
				CLANG_WARN_OBJC_IMPLICIT_RETAIN_SELF = YES;
				CLANG_WARN_OBJC_LITERAL_CONVERSION = YES;
				CLANG_WARN_OBJC_ROOT_CLASS = YES_ERROR;
				CLANG_WARN_RANGE_LOOP_ANALYSIS = YES;
				CLANG_WARN_STRICT_PROTOTYPES = YES;
				CLANG_WARN_SUSPICIOUS_MOVE = YES;
				CLANG_WARN_UNGUARDED_AVAILABILITY = YES_AGGRESSIVE;
				CLANG_WARN_UNREACHABLE_CODE = YES;
				CLANG_WARN__DUPLICATE_METHOD_MATCH = YES;
				COPY_PHASE_STRIP = NO;
				DEBUG_INFORMATION_FORMAT = "dwarf-with-dsym";
				ENABLE_NS_ASSERTIONS = NO;
				ENABLE_STRICT_OBJC_MSGSEND = YES;
				GCC_C_LANGUAGE_STANDARD = gnu11;
				GCC_NO_COMMON_BLOCKS = YES;
				GCC_WARN_64_TO_32_BIT_CONVERSION = YES;
				GCC_WARN_ABOUT_RETURN_TYPE = YES_ERROR;
				GCC_WARN_UNDECLARED_SELECTOR = YES;
				GCC_WARN_UNINITIALIZED_AUTOS = YES_AGGRESSIVE;
				GCC_WARN_UNUSED_FUNCTION = YES;
				GCC_WARN_UNUSED_VARIABLE = YES;
				IPHONEOS_DEPLOYMENT_TARGET = 13.4;
				MTL_ENABLE_DEBUG_INFO = NO;
				MTL_FAST_MATH = YES;
				SDKROOT = iphoneos;
				SWIFT_COMPILATION_MODE = wholemodule;
				SWIFT_OPTIMIZATION_LEVEL = "-O";
				VALIDATE_PRODUCT = YES;
			};
			name = Release;
		};
		D6BEF19D243C5F3900828273 /* Debug */ = {
			isa = XCBuildConfiguration;
			baseConfigurationReference = D3897C45C5FA7342A74C26F4 /* Pods-XYZPathKit.debug.xcconfig */;
			buildSettings = {
				ASSETCATALOG_COMPILER_APPICON_NAME = AppIcon;
				CODE_SIGN_STYLE = Automatic;
				DEVELOPMENT_TEAM = E5VG453CHM;
				INFOPLIST_FILE = XYZPathKit/Info.plist;
				LD_RUNPATH_SEARCH_PATHS = (
					"$(inherited)",
					"@executable_path/Frameworks",
				);
				PRODUCT_BUNDLE_IDENTIFIER = com.zhangqian.XYZPathKit;
				PRODUCT_NAME = "$(TARGET_NAME)";
				SWIFT_VERSION = 5.0;
				TARGETED_DEVICE_FAMILY = "1,2";
			};
			name = Debug;
		};
		D6BEF19E243C5F3900828273 /* Release */ = {
			isa = XCBuildConfiguration;
			baseConfigurationReference = BE1345B191A3277415B6B7DD /* Pods-XYZPathKit.release.xcconfig */;
			buildSettings = {
				ASSETCATALOG_COMPILER_APPICON_NAME = AppIcon;
				CODE_SIGN_STYLE = Automatic;
				DEVELOPMENT_TEAM = E5VG453CHM;
				INFOPLIST_FILE = XYZPathKit/Info.plist;
				LD_RUNPATH_SEARCH_PATHS = (
					"$(inherited)",
					"@executable_path/Frameworks",
				);
				PRODUCT_BUNDLE_IDENTIFIER = com.zhangqian.XYZPathKit;
				PRODUCT_NAME = "$(TARGET_NAME)";
				SWIFT_VERSION = 5.0;
				TARGETED_DEVICE_FAMILY = "1,2";
			};
			name = Release;
		};
/* End XCBuildConfiguration section */

/* Begin XCConfigurationList section */
		D6BEF183243C5F3700828273 /* Build configuration list for PBXProject "XYZPathKit" */ = {
			isa = XCConfigurationList;
			buildConfigurations = (
				D6BEF19A243C5F3900828273 /* Debug */,
				D6BEF19B243C5F3900828273 /* Release */,
			);
			defaultConfigurationIsVisible = 0;
			defaultConfigurationName = Release;
		};
		D6BEF19C243C5F3900828273 /* Build configuration list for PBXNativeTarget "XYZPathKit" */ = {
			isa = XCConfigurationList;
			buildConfigurations = (
				D6BEF19D243C5F3900828273 /* Debug */,
				D6BEF19E243C5F3900828273 /* Release */,
			);
			defaultConfigurationIsVisible = 0;
			defaultConfigurationName = Release;
		};
/* End XCConfigurationList section */
	};
	rootObject = D6BEF180243C5F3700828273 /* Project object */;
}
